
Microsoft Visual Studio Solution File, Format Version 12.00
# Visual Studio Version 16
VisualStudioVersion = 16.0.30011.22
MinimumVisualStudioVersion = 10.0.40219.1
Project("{9A19103F-16F7-4668-BE54-9A1E7A4F7556}") = "ECommerce", "ShoppingCart\ECommerce.csproj", "{B2E6F8D5-3F0F-4CE9-8CC5-A54F578401E7}"
EndProject
Project("{9A19103F-16F7-4668-BE54-9A1E7A4F7556}") = "ShoppingCartTest", "ShoppingCartTest\ShoppingCartTest.csproj", "{9C525357-74D7-499B-84C3-460B2E5B1CD8}"
EndProject
Global
	GlobalSection(SolutionConfigurationPlatforms) = preSolution
		Debug|Any CPU = Debug|Any CPU
		Release|Any CPU = Release|Any CPU
	EndGlobalSection
	GlobalSection(ProjectConfigurationPlatforms) = postSolution
		{B2E6F8D5-3F0F-4CE9-8CC5-A54F578401E7}.Debug|Any CPU.ActiveCfg = Debug|Any CPU
		{B2E6F8D5-3F0F-4CE9-8CC5-A54F578401E7}.Debug|Any CPU.Build.0 = Debug|Any CPU
		{B2E6F8D5-3F0F-4CE9-8CC5-A54F578401E7}.Release|Any CPU.ActiveCfg = Release|Any CPU
		{B2E6F8D5-3F0F-4CE9-8CC5-A54F578401E7}.Release|Any CPU.Build.0 = Release|Any CPU
		{9C525357-74D7-499B-84C3-460B2E5B1CD8}.Debug|Any CPU.ActiveCfg = Debug|Any CPU
		{9C525357-74D7-499B-84C3-460B2E5B1CD8}.Debug|Any CPU.Build.0 = Debug|Any CPU
		{9C525357-74D7-499B-84C3-460B2E5B1CD8}.Release|Any CPU.ActiveCfg = Release|Any CPU
		{9C525357-74D7-499B-84C3-460B2E5B1CD8}.Release|Any CPU.Build.0 = Release|Any CPU
	EndGlobalSection
	GlobalSection(SolutionProperties) = preSolution
		HideSolutionNode = FALSE
	EndGlobalSection
	GlobalSection(ExtensibilityGlobals) = postSolution
		SolutionGuid = {1AF5C0E5-10EA-46FE-925B-15AB1A4C7413}
	EndGlobalSection
EndGlobal
